
Microsoft Visual Studio Solution File, Format Version 9.00
# Visual Studio 2005
Project("{8BC9CEB8-8B4A-11D0-8D11-00A0C91BC942}") = "Monkey Patch", "Monkey Patch\Monkey Patch.vcproj", "{470235EE-E987-45D6-8BCD-AA93D09EFACF}"
EndProject
Global
	GlobalSection(SolutionConfigurationPlatforms) = preSolution
		Debug|Win32 = Debug|Win32
		Release|Win32 = Release|Win32
	EndGlobalSection
	GlobalSection(ProjectConfigurationPlatforms) = postSolution
		{470235EE-E987-45D6-8BCD-AA93D09EFACF}.Debug|Win32.ActiveCfg = Release|Win32
		{470235EE-E987-45D6-8BCD-AA93D09EFACF}.Debug|Win32.Build.0 = Release|Win32
		{470235EE-E987-45D6-8BCD-AA93D09EFACF}.Release|Win32.ActiveCfg = Release|Win32
		{470235EE-E987-45D6-8BCD-AA93D09EFACF}.Release|Win32.Build.0 = Release|Win32
	EndGlobalSection
	GlobalSection(SolutionProperties) = preSolution
		HideSolutionNode = FALSE
	EndGlobalSection
EndGlobal
